
Microsoft Visual Studio Solution File, Format Version 11.00
# Visual Studio 2010
Project("{FAE04EC0-301F-11D3-BF4B-00C04F79EFBC}") = "If1", "If1.csproj", "{1A3717D5-C8A5-4D68-9346-B4C2D33CE1F1}"
EndProject
Global
	GlobalSection(SolutionConfigurationPlatforms) = preSolution
		Debug|x86 = Debug|x86
		Release|x86 = Release|x86
	EndGlobalSection
	GlobalSection(ProjectConfigurationPlatforms) = postSolution
		{1A3717D5-C8A5-4D68-9346-B4C2D33CE1F1}.Debug|x86.ActiveCfg = Debug|x86
		{1A3717D5-C8A5-4D68-9346-B4C2D33CE1F1}.Debug|x86.Build.0 = Debug|x86
		{1A3717D5-C8A5-4D68-9346-B4C2D33CE1F1}.Release|x86.ActiveCfg = Release|x86
		{1A3717D5-C8A5-4D68-9346-B4C2D33CE1F1}.Release|x86.Build.0 = Release|x86
	EndGlobalSection
	GlobalSection(MonoDevelopProperties) = preSolution
		StartupItem = If1.csproj
	EndGlobalSection
EndGlobal
