
Microsoft Visual Studio Solution File, Format Version 11.00
# Visual Studio 2010
Project("{FAE04EC0-301F-11D3-BF4B-00C04F79EFBC}") = "EjercicioOper1", "EjercicioOper1.csproj", "{C19855BD-2ADD-4A43-B62A-AC5FF13333A1}"
EndProject
Global
	GlobalSection(SolutionConfigurationPlatforms) = preSolution
		Debug|x86 = Debug|x86
		Release|x86 = Release|x86
	EndGlobalSection
	GlobalSection(ProjectConfigurationPlatforms) = postSolution
		{C19855BD-2ADD-4A43-B62A-AC5FF13333A1}.Debug|x86.ActiveCfg = Debug|x86
		{C19855BD-2ADD-4A43-B62A-AC5FF13333A1}.Debug|x86.Build.0 = Debug|x86
		{C19855BD-2ADD-4A43-B62A-AC5FF13333A1}.Release|x86.ActiveCfg = Release|x86
		{C19855BD-2ADD-4A43-B62A-AC5FF13333A1}.Release|x86.Build.0 = Release|x86
	EndGlobalSection
	GlobalSection(MonoDevelopProperties) = preSolution
		StartupItem = EjercicioOper1.csproj
	EndGlobalSection
EndGlobal
